
Microsoft Visual Studio Solution File, Format Version 12.00
# Visual Studio Version 16
VisualStudioVersion = 16.0.32602.291
MinimumVisualStudioVersion = 10.0.40219.1
Project("{FAE04EC0-301F-11D3-BF4B-00C04F79EFBC}") = "solution", "solution.csproj", "{8A5C92D5-5B3A-4B19-8E80-83B1F967CBE8}"
EndProject
Project("{FAE04EC0-301F-11D3-BF4B-00C04F79EFBC}") = "Client", "..\Client\Client.csproj", "{1C834952-AF7E-44A9-AD16-8262C1B5D4B2}"
EndProject
Global
	GlobalSection(SolutionConfigurationPlatforms) = preSolution
		Debug|Any CPU = Debug|Any CPU
		Release|Any CPU = Release|Any CPU
	EndGlobalSection
	GlobalSection(ProjectConfigurationPlatforms) = postSolution
		{8A5C92D5-5B3A-4B19-8E80-83B1F967CBE8}.Debug|Any CPU.ActiveCfg = Debug|Any CPU
		{8A5C92D5-5B3A-4B19-8E80-83B1F967CBE8}.Debug|Any CPU.Build.0 = Debug|Any CPU
		{8A5C92D5-5B3A-4B19-8E80-83B1F967CBE8}.Release|Any CPU.ActiveCfg = Release|Any CPU
		{8A5C92D5-5B3A-4B19-8E80-83B1F967CBE8}.Release|Any CPU.Build.0 = Release|Any CPU
		{1C834952-AF7E-44A9-AD16-8262C1B5D4B2}.Debug|Any CPU.ActiveCfg = Debug|Any CPU
		{1C834952-AF7E-44A9-AD16-8262C1B5D4B2}.Debug|Any CPU.Build.0 = Debug|Any CPU
		{1C834952-AF7E-44A9-AD16-8262C1B5D4B2}.Release|Any CPU.ActiveCfg = Release|Any CPU
		{1C834952-AF7E-44A9-AD16-8262C1B5D4B2}.Release|Any CPU.Build.0 = Release|Any CPU
	EndGlobalSection
	GlobalSection(SolutionProperties) = preSolution
		HideSolutionNode = FALSE
	EndGlobalSection
	GlobalSection(ExtensibilityGlobals) = postSolution
		SolutionGuid = {A0223CBB-3ADA-426B-8DEC-98C0692ABC6A}
	EndGlobalSection
EndGlobal
