
Microsoft Visual Studio Solution File, Format Version 12.00
# Visual Studio Version 16
VisualStudioVersion = 16.0.32602.291
MinimumVisualStudioVersion = 10.0.40219.1
Project("{FAE04EC0-301F-11D3-BF4B-00C04F79EFBC}") = "solution", "solution.csproj", "{6BD9FD0F-E7F1-43AA-8099-ECFFD5107F51}"
EndProject
Project("{FAE04EC0-301F-11D3-BF4B-00C04F79EFBC}") = "Host1", "..\Host1\Host1.csproj", "{CE824C80-96A5-4ED2-8221-FEEEE2C0B003}"
	ProjectSection(ProjectDependencies) = postProject
		{6BD9FD0F-E7F1-43AA-8099-ECFFD5107F51} = {6BD9FD0F-E7F1-43AA-8099-ECFFD5107F51}
	EndProjectSection
EndProject
Project("{FAE04EC0-301F-11D3-BF4B-00C04F79EFBC}") = "WebApplication1", "..\WebApplication1\WebApplication1.csproj", "{918A731D-4D9A-4E8E-A051-F5DC76854A93}"
	ProjectSection(ProjectDependencies) = postProject
		{6BD9FD0F-E7F1-43AA-8099-ECFFD5107F51} = {6BD9FD0F-E7F1-43AA-8099-ECFFD5107F51}
	EndProjectSection
EndProject
Global
	GlobalSection(SolutionConfigurationPlatforms) = preSolution
		Debug|Any CPU = Debug|Any CPU
		Release|Any CPU = Release|Any CPU
	EndGlobalSection
	GlobalSection(ProjectConfigurationPlatforms) = postSolution
		{6BD9FD0F-E7F1-43AA-8099-ECFFD5107F51}.Debug|Any CPU.ActiveCfg = Debug|Any CPU
		{6BD9FD0F-E7F1-43AA-8099-ECFFD5107F51}.Debug|Any CPU.Build.0 = Debug|Any CPU
		{6BD9FD0F-E7F1-43AA-8099-ECFFD5107F51}.Release|Any CPU.ActiveCfg = Release|Any CPU
		{6BD9FD0F-E7F1-43AA-8099-ECFFD5107F51}.Release|Any CPU.Build.0 = Release|Any CPU
		{CE824C80-96A5-4ED2-8221-FEEEE2C0B003}.Debug|Any CPU.ActiveCfg = Debug|Any CPU
		{CE824C80-96A5-4ED2-8221-FEEEE2C0B003}.Debug|Any CPU.Build.0 = Debug|Any CPU
		{CE824C80-96A5-4ED2-8221-FEEEE2C0B003}.Release|Any CPU.ActiveCfg = Release|Any CPU
		{CE824C80-96A5-4ED2-8221-FEEEE2C0B003}.Release|Any CPU.Build.0 = Release|Any CPU
		{918A731D-4D9A-4E8E-A051-F5DC76854A93}.Debug|Any CPU.ActiveCfg = Debug|Any CPU
		{918A731D-4D9A-4E8E-A051-F5DC76854A93}.Debug|Any CPU.Build.0 = Debug|Any CPU
		{918A731D-4D9A-4E8E-A051-F5DC76854A93}.Release|Any CPU.ActiveCfg = Release|Any CPU
		{918A731D-4D9A-4E8E-A051-F5DC76854A93}.Release|Any CPU.Build.0 = Release|Any CPU
	EndGlobalSection
	GlobalSection(SolutionProperties) = preSolution
		HideSolutionNode = FALSE
	EndGlobalSection
	GlobalSection(ExtensibilityGlobals) = postSolution
		SolutionGuid = {078A34DA-87FB-4F94-B99E-4AAA029F302F}
	EndGlobalSection
EndGlobal
